
Microsoft Visual Studio Solution File, Format Version 12.00
# Visual Studio Version 17
VisualStudioVersion = 17.0.31912.275
MinimumVisualStudioVersion = 10.0.40219.1
Project("{FAE04EC0-301F-11D3-BF4B-00C04F79EFBC}") = "RabbitMQProducer", "RabbitMQProducer\RabbitMQProducer.csproj", "{B5816625-D488-430D-B4FA-82F2974EF3E1}"
EndProject
Project("{FAE04EC0-301F-11D3-BF4B-00C04F79EFBC}") = "RabbitMQConnsumer", "RabbitMQConnsumer\RabbitMQConnsumer.csproj", "{FDA40199-0921-4E45-9F61-76A4E51FCFF8}"
EndProject
Global
	GlobalSection(SolutionConfigurationPlatforms) = preSolution
		Debug|Any CPU = Debug|Any CPU
		Release|Any CPU = Release|Any CPU
	EndGlobalSection
	GlobalSection(ProjectConfigurationPlatforms) = postSolution
		{B5816625-D488-430D-B4FA-82F2974EF3E1}.Debug|Any CPU.ActiveCfg = Debug|Any CPU
		{B5816625-D488-430D-B4FA-82F2974EF3E1}.Debug|Any CPU.Build.0 = Debug|Any CPU
		{B5816625-D488-430D-B4FA-82F2974EF3E1}.Release|Any CPU.ActiveCfg = Release|Any CPU
		{B5816625-D488-430D-B4FA-82F2974EF3E1}.Release|Any CPU.Build.0 = Release|Any CPU
		{FDA40199-0921-4E45-9F61-76A4E51FCFF8}.Debug|Any CPU.ActiveCfg = Debug|Any CPU
		{FDA40199-0921-4E45-9F61-76A4E51FCFF8}.Debug|Any CPU.Build.0 = Debug|Any CPU
		{FDA40199-0921-4E45-9F61-76A4E51FCFF8}.Release|Any CPU.ActiveCfg = Release|Any CPU
		{FDA40199-0921-4E45-9F61-76A4E51FCFF8}.Release|Any CPU.Build.0 = Release|Any CPU
	EndGlobalSection
	GlobalSection(SolutionProperties) = preSolution
		HideSolutionNode = FALSE
	EndGlobalSection
	GlobalSection(ExtensibilityGlobals) = postSolution
		SolutionGuid = {6387546B-3562-4A1E-952C-B56306423249}
	EndGlobalSection
EndGlobal
